// !$*UTF8*$!
{
	archiveVersion = 1;
	classes = {
	};
	objectVersion = 48;
	objects = {

/* Begin PBXBuildFile section */
		DF72B22A2034F30C008823BB /* CryptoCoinsNews.swift in Sources */ = {isa = PBXBuildFile; fileRef = DF72B2292034F30C008823BB /* CryptoCoinsNews.swift */; };
		DF72B22D2035C048008823BB /* NewsConstant.swift in Sources */ = {isa = PBXBuildFile; fileRef = DF72B22C2035C048008823BB /* NewsConstant.swift */; };
		DF887B6C203D123C00F40626 /* GoogleMobileAds.framework in Frameworks */ = {isa = PBXBuildFile; fileRef = DF887B6B203D123C00F40626 /* GoogleMobileAds.framework */; };
		DF887B6E203E40A200F40626 /* UIImage+GIF.swift in Sources */ = {isa = PBXBuildFile; fileRef = DF887B6D203E40A200F40626 /* UIImage+GIF.swift */; };
		DF887B70203E46EF00F40626 /* CryptoInfoViewController.swift in Sources */ = {isa = PBXBuildFile; fileRef = DF887B6F203E46EF00F40626 /* CryptoInfoViewController.swift */; };
		DF887B74203F4DF300F40626 /* GiphyConstant.swift in Sources */ = {isa = PBXBuildFile; fileRef = DF887B73203F4DF300F40626 /* GiphyConstant.swift */; };
		DF887B76203F517500F40626 /* Giphy.swift in Sources */ = {isa = PBXBuildFile; fileRef = DF887B75203F517500F40626 /* Giphy.swift */; };
		DF8EEFF12034D59B0060B63A /* AppDelegate.swift in Sources */ = {isa = PBXBuildFile; fileRef = DF8EEFF02034D59B0060B63A /* AppDelegate.swift */; };
		DF8EEFF32034D59B0060B63A /* NewsViewController.swift in Sources */ = {isa = PBXBuildFile; fileRef = DF8EEFF22034D59B0060B63A /* NewsViewController.swift */; };
		DF8EEFF62034D59B0060B63A /* Main.storyboard in Resources */ = {isa = PBXBuildFile; fileRef = DF8EEFF42034D59B0060B63A /* Main.storyboard */; };
		DF8EEFF82034D59B0060B63A /* Assets.xcassets in Resources */ = {isa = PBXBuildFile; fileRef = DF8EEFF72034D59B0060B63A /* Assets.xcassets */; };
		DF8EEFFB2034D59B0060B63A /* LaunchScreen.storyboard in Resources */ = {isa = PBXBuildFile; fileRef = DF8EEFF92034D59B0060B63A /* LaunchScreen.storyboard */; };
		DF8EF0032034DF7C0060B63A /* CryptoViewController.swift in Sources */ = {isa = PBXBuildFile; fileRef = DF8EF0022034DF7C0060B63A /* CryptoViewController.swift */; };
		DF8EF0052034DFD60060B63A /* DeveloperViewController.swift in Sources */ = {isa = PBXBuildFile; fileRef = DF8EF0042034DFD60060B63A /* DeveloperViewController.swift */; };
		DFB556D5203877A200736C59 /* TitleHeader.swift in Sources */ = {isa = PBXBuildFile; fileRef = DFB556D4203877A200736C59 /* TitleHeader.swift */; };
		DFB556D7203878F300736C59 /* HeaderSource.swift in Sources */ = {isa = PBXBuildFile; fileRef = DFB556D6203878F300736C59 /* HeaderSource.swift */; };
		DFB556DA203880F000736C59 /* TitleCollectionViewCell.swift in Sources */ = {isa = PBXBuildFile; fileRef = DFB556D9203880F000736C59 /* TitleCollectionViewCell.swift */; };
		DFB556DC2038810300736C59 /* NewsCollectionViewCell.swift in Sources */ = {isa = PBXBuildFile; fileRef = DFB556DB2038810300736C59 /* NewsCollectionViewCell.swift */; };
		DFB556DE2038BA0D00736C59 /* ImageLoader.swift in Sources */ = {isa = PBXBuildFile; fileRef = DFB556DD2038BA0D00736C59 /* ImageLoader.swift */; };
		DFB556E02039CFF300736C59 /* CoinMarketCap.swift in Sources */ = {isa = PBXBuildFile; fileRef = DFB556DF2039CFF300736C59 /* CoinMarketCap.swift */; };
		DFB556E42039DDB400736C59 /* CoinsConstant.swift in Sources */ = {isa = PBXBuildFile; fileRef = DFB556E32039DDB400736C59 /* CoinsConstant.swift */; };
		DFB556E62039E83800736C59 /* CoinsCollectionViewCell.swift in Sources */ = {isa = PBXBuildFile; fileRef = DFB556E52039E83800736C59 /* CoinsCollectionViewCell.swift */; };
		DFBA9CD8203A6FDD0033700E /* WebViewController.swift in Sources */ = {isa = PBXBuildFile; fileRef = DFBA9CD7203A6FDD0033700E /* WebViewController.swift */; };
/* End PBXBuildFile section */

/* Begin PBXFileReference section */
		DF72B2292034F30C008823BB /* CryptoCoinsNews.swift */ = {isa = PBXFileReference; lastKnownFileType = sourcecode.swift; path = CryptoCoinsNews.swift; sourceTree = "<group>"; };
		DF72B22C2035C048008823BB /* NewsConstant.swift */ = {isa = PBXFileReference; lastKnownFileType = sourcecode.swift; path = NewsConstant.swift; sourceTree = "<group>"; };
		DF887B6B203D123C00F40626 /* GoogleMobileAds.framework */ = {isa = PBXFileReference; lastKnownFileType = wrapper.framework; path = GoogleMobileAds.framework; sourceTree = "<group>"; };
		DF887B6D203E40A200F40626 /* UIImage+GIF.swift */ = {isa = PBXFileReference; lastKnownFileType = sourcecode.swift; path = "UIImage+GIF.swift"; sourceTree = "<group>"; };
		DF887B6F203E46EF00F40626 /* CryptoInfoViewController.swift */ = {isa = PBXFileReference; lastKnownFileType = sourcecode.swift; path = CryptoInfoViewController.swift; sourceTree = "<group>"; };
		DF887B73203F4DF300F40626 /* GiphyConstant.swift */ = {isa = PBXFileReference; lastKnownFileType = sourcecode.swift; path = GiphyConstant.swift; sourceTree = "<group>"; };
		DF887B75203F517500F40626 /* Giphy.swift */ = {isa = PBXFileReference; lastKnownFileType = sourcecode.swift; path = Giphy.swift; sourceTree = "<group>"; };
		DF8EEFED2034D59B0060B63A /* Crypto Headlines.app */ = {isa = PBXFileReference; explicitFileType = wrapper.application; includeInIndex = 0; path = "Crypto Headlines.app"; sourceTree = BUILT_PRODUCTS_DIR; };
		DF8EEFF02034D59B0060B63A /* AppDelegate.swift */ = {isa = PBXFileReference; lastKnownFileType = sourcecode.swift; path = AppDelegate.swift; sourceTree = "<group>"; };
		DF8EEFF22034D59B0060B63A /* NewsViewController.swift */ = {isa = PBXFileReference; lastKnownFileType = sourcecode.swift; path = NewsViewController.swift; sourceTree = "<group>"; };
		DF8EEFF52034D59B0060B63A /* Base */ = {isa = PBXFileReference; lastKnownFileType = file.storyboard; name = Base; path = Base.lproj/Main.storyboard; sourceTree = "<group>"; };
		DF8EEFF72034D59B0060B63A /* Assets.xcassets */ = {isa = PBXFileReference; lastKnownFileType = folder.assetcatalog; path = Assets.xcassets; sourceTree = "<group>"; };
		DF8EEFFA2034D59B0060B63A /* Base */ = {isa = PBXFileReference; lastKnownFileType = file.storyboard; name = Base; path = Base.lproj/LaunchScreen.storyboard; sourceTree = "<group>"; };
		DF8EEFFC2034D59B0060B63A /* Info.plist */ = {isa = PBXFileReference; lastKnownFileType = text.plist.xml; path = Info.plist; sourceTree = "<group>"; };
		DF8EF0022034DF7C0060B63A /* CryptoViewController.swift */ = {isa = PBXFileReference; lastKnownFileType = sourcecode.swift; path = CryptoViewController.swift; sourceTree = "<group>"; };
		DF8EF0042034DFD60060B63A /* DeveloperViewController.swift */ = {isa = PBXFileReference; lastKnownFileType = sourcecode.swift; path = DeveloperViewController.swift; sourceTree = "<group>"; };
		DFB556D4203877A200736C59 /* TitleHeader.swift */ = {isa = PBXFileReference; lastKnownFileType = sourcecode.swift; path = TitleHeader.swift; sourceTree = "<group>"; };
		DFB556D6203878F300736C59 /* HeaderSource.swift */ = {isa = PBXFileReference; lastKnownFileType = sourcecode.swift; path = HeaderSource.swift; sourceTree = "<group>"; };
		DFB556D9203880F000736C59 /* TitleCollectionViewCell.swift */ = {isa = PBXFileReference; lastKnownFileType = sourcecode.swift; path = TitleCollectionViewCell.swift; sourceTree = "<group>"; };
		DFB556DB2038810300736C59 /* NewsCollectionViewCell.swift */ = {isa = PBXFileReference; lastKnownFileType = sourcecode.swift; path = NewsCollectionViewCell.swift; sourceTree = "<group>"; };
		DFB556DD2038BA0D00736C59 /* ImageLoader.swift */ = {isa = PBXFileReference; lastKnownFileType = sourcecode.swift; path = ImageLoader.swift; sourceTree = "<group>"; };
		DFB556DF2039CFF300736C59 /* CoinMarketCap.swift */ = {isa = PBXFileReference; lastKnownFileType = sourcecode.swift; path = CoinMarketCap.swift; sourceTree = "<group>"; };
		DFB556E32039DDB400736C59 /* CoinsConstant.swift */ = {isa = PBXFileReference; lastKnownFileType = sourcecode.swift; path = CoinsConstant.swift; sourceTree = "<group>"; };
		DFB556E52039E83800736C59 /* CoinsCollectionViewCell.swift */ = {isa = PBXFileReference; lastKnownFileType = sourcecode.swift; path = CoinsCollectionViewCell.swift; sourceTree = "<group>"; };
		DFBA9CD7203A6FDD0033700E /* WebViewController.swift */ = {isa = PBXFileReference; lastKnownFileType = sourcecode.swift; path = WebViewController.swift; sourceTree = "<group>"; };
/* End PBXFileReference section */

/* Begin PBXFrameworksBuildPhase section */
		DF8EEFEA2034D59B0060B63A /* Frameworks */ = {
			isa = PBXFrameworksBuildPhase;
			buildActionMask = 2147483647;
			files = (
				DF887B6C203D123C00F40626 /* GoogleMobileAds.framework in Frameworks */,
			);
			runOnlyForDeploymentPostprocessing = 0;
		};
/* End PBXFrameworksBuildPhase section */

/* Begin PBXGroup section */
		DF887B6A203D123C00F40626 /* Frameworks */ = {
			isa = PBXGroup;
			children = (
				DF887B6B203D123C00F40626 /* GoogleMobileAds.framework */,
			);
			name = Frameworks;
			sourceTree = "<group>";
		};
		DF8EEFE42034D59B0060B63A = {
			isa = PBXGroup;
			children = (
				DF8EEFEF2034D59B0060B63A /* Crypto Headlines */,
				DF8EEFEE2034D59B0060B63A /* Products */,
				DF887B6A203D123C00F40626 /* Frameworks */,
			);
			sourceTree = "<group>";
		};
		DF8EEFEE2034D59B0060B63A /* Products */ = {
			isa = PBXGroup;
			children = (
				DF8EEFED2034D59B0060B63A /* Crypto Headlines.app */,
			);
			name = Products;
			sourceTree = "<group>";
		};
		DF8EEFEF2034D59B0060B63A /* Crypto Headlines */ = {
			isa = PBXGroup;
			children = (
				DFB556D8203878FE00736C59 /* Utilities */,
				DF8EF0082034DFFB0060B63A /* Model */,
				DF8EF0072034DFF60060B63A /* View */,
				DF8EF0062034DFE40060B63A /* Controller */,
				DF8EEFF02034D59B0060B63A /* AppDelegate.swift */,
				DF8EEFF42034D59B0060B63A /* Main.storyboard */,
				DF8EEFF72034D59B0060B63A /* Assets.xcassets */,
				DF8EEFF92034D59B0060B63A /* LaunchScreen.storyboard */,
				DF8EEFFC2034D59B0060B63A /* Info.plist */,
			);
			path = "Crypto Headlines";
			sourceTree = "<group>";
		};
		DF8EF0062034DFE40060B63A /* Controller */ = {
			isa = PBXGroup;
			children = (
				DF8EEFF22034D59B0060B63A /* NewsViewController.swift */,
				DF8EF0022034DF7C0060B63A /* CryptoViewController.swift */,
				DF887B6F203E46EF00F40626 /* CryptoInfoViewController.swift */,
				DF8EF0042034DFD60060B63A /* DeveloperViewController.swift */,
				DFBA9CD7203A6FDD0033700E /* WebViewController.swift */,
			);
			path = Controller;
			sourceTree = "<group>";
		};
		DF8EF0072034DFF60060B63A /* View */ = {
			isa = PBXGroup;
			children = (
				DFB556D9203880F000736C59 /* TitleCollectionViewCell.swift */,
				DFB556DB2038810300736C59 /* NewsCollectionViewCell.swift */,
				DFB556E52039E83800736C59 /* CoinsCollectionViewCell.swift */,
			);
			path = View;
			sourceTree = "<group>";
		};
		DF8EF0082034DFFB0060B63A /* Model */ = {
			isa = PBXGroup;
			children = (
				DF72B22C2035C048008823BB /* NewsConstant.swift */,
				DFB556E32039DDB400736C59 /* CoinsConstant.swift */,
				DF887B73203F4DF300F40626 /* GiphyConstant.swift */,
				DFB556D4203877A200736C59 /* TitleHeader.swift */,
				DF72B2292034F30C008823BB /* CryptoCoinsNews.swift */,
				DFB556DF2039CFF300736C59 /* CoinMarketCap.swift */,
				DF887B75203F517500F40626 /* Giphy.swift */,
			);
			path = Model;
			sourceTree = "<group>";
		};
		DFB556D8203878FE00736C59 /* Utilities */ = {
			isa = PBXGroup;
			children = (
				DFB556D6203878F300736C59 /* HeaderSource.swift */,
				DFB556DD2038BA0D00736C59 /* ImageLoader.swift */,
				DF887B6D203E40A200F40626 /* UIImage+GIF.swift */,
			);
			path = Utilities;
			sourceTree = "<group>";
		};
/* End PBXGroup section */

/* Begin PBXNativeTarget section */
		DF8EEFEC2034D59B0060B63A /* Crypto Headlines */ = {
			isa = PBXNativeTarget;
			buildConfigurationList = DF8EEFFF2034D59B0060B63A /* Build configuration list for PBXNativeTarget "Crypto Headlines" */;
			buildPhases = (
				DF8EEFE92034D59B0060B63A /* Sources */,
				DF8EEFEA2034D59B0060B63A /* Frameworks */,
				DF8EEFEB2034D59B0060B63A /* Resources */,
			);
			buildRules = (
			);
			dependencies = (
			);
			name = "Crypto Headlines";
			productName = "Crypto Headlines";
			productReference = DF8EEFED2034D59B0060B63A /* Crypto Headlines.app */;
			productType = "com.apple.product-type.application";
		};
/* End PBXNativeTarget section */

/* Begin PBXProject section */
		DF8EEFE52034D59B0060B63A /* Project object */ = {
			isa = PBXProject;
			attributes = {
				LastSwiftUpdateCheck = 0920;
				LastUpgradeCheck = 0920;
				ORGANIZATIONNAME = "Joshua Geronimo";
				TargetAttributes = {
					DF8EEFEC2034D59B0060B63A = {
						CreatedOnToolsVersion = 9.2;
						ProvisioningStyle = Automatic;
					};
				};
			};
			buildConfigurationList = DF8EEFE82034D59B0060B63A /* Build configuration list for PBXProject "Crypto Headlines" */;
			compatibilityVersion = "Xcode 8.0";
			developmentRegion = en;
			hasScannedForEncodings = 0;
			knownRegions = (
				en,
				Base,
			);
			mainGroup = DF8EEFE42034D59B0060B63A;
			productRefGroup = DF8EEFEE2034D59B0060B63A /* Products */;
			projectDirPath = "";
			projectRoot = "";
			targets = (
				DF8EEFEC2034D59B0060B63A /* Crypto Headlines */,
			);
		};
/* End PBXProject section */

/* Begin PBXResourcesBuildPhase section */
		DF8EEFEB2034D59B0060B63A /* Resources */ = {
			isa = PBXResourcesBuildPhase;
			buildActionMask = 2147483647;
			files = (
				DF8EEFFB2034D59B0060B63A /* LaunchScreen.storyboard in Resources */,
				DF8EEFF82034D59B0060B63A /* Assets.xcassets in Resources */,
				DF8EEFF62034D59B0060B63A /* Main.storyboard in Resources */,
			);
			runOnlyForDeploymentPostprocessing = 0;
		};
/* End PBXResourcesBuildPhase section */

/* Begin PBXSourcesBuildPhase section */
		DF8EEFE92034D59B0060B63A /* Sources */ = {
			isa = PBXSourcesBuildPhase;
			buildActionMask = 2147483647;
			files = (
				DFB556E42039DDB400736C59 /* CoinsConstant.swift in Sources */,
				DF8EEFF32034D59B0060B63A /* NewsViewController.swift in Sources */,
				DFB556D7203878F300736C59 /* HeaderSource.swift in Sources */,
				DF8EF0052034DFD60060B63A /* DeveloperViewController.swift in Sources */,
				DFB556DA203880F000736C59 /* TitleCollectionViewCell.swift in Sources */,
				DFB556D5203877A200736C59 /* TitleHeader.swift in Sources */,
				DFB556DE2038BA0D00736C59 /* ImageLoader.swift in Sources */,
				DFB556E62039E83800736C59 /* CoinsCollectionViewCell.swift in Sources */,
				DFB556DC2038810300736C59 /* NewsCollectionViewCell.swift in Sources */,
				DFB556E02039CFF300736C59 /* CoinMarketCap.swift in Sources */,
				DF8EEFF12034D59B0060B63A /* AppDelegate.swift in Sources */,
				DF72B22A2034F30C008823BB /* CryptoCoinsNews.swift in Sources */,
				DF8EF0032034DF7C0060B63A /* CryptoViewController.swift in Sources */,
				DF887B70203E46EF00F40626 /* CryptoInfoViewController.swift in Sources */,
				DFBA9CD8203A6FDD0033700E /* WebViewController.swift in Sources */,
				DF887B6E203E40A200F40626 /* UIImage+GIF.swift in Sources */,
				DF72B22D2035C048008823BB /* NewsConstant.swift in Sources */,
				DF887B74203F4DF300F40626 /* GiphyConstant.swift in Sources */,
				DF887B76203F517500F40626 /* Giphy.swift in Sources */,
			);
			runOnlyForDeploymentPostprocessing = 0;
		};
/* End PBXSourcesBuildPhase section */

/* Begin PBXVariantGroup section */
		DF8EEFF42034D59B0060B63A /* Main.storyboard */ = {
			isa = PBXVariantGroup;
			children = (
				DF8EEFF52034D59B0060B63A /* Base */,
			);
			name = Main.storyboard;
			sourceTree = "<group>";
		};
		DF8EEFF92034D59B0060B63A /* LaunchScreen.storyboard */ = {
			isa = PBXVariantGroup;
			children = (
				DF8EEFFA2034D59B0060B63A /* Base */,
			);
			name = LaunchScreen.storyboard;
			sourceTree = "<group>";
		};
/* End PBXVariantGroup section */

/* Begin XCBuildConfiguration section */
		DF8EEFFD2034D59B0060B63A /* Debug */ = {
			isa = XCBuildConfiguration;
			buildSettings = {
				ALWAYS_SEARCH_USER_PATHS = NO;
				CLANG_ANALYZER_NONNULL = YES;
				CLANG_ANALYZER_NUMBER_OBJECT_CONVERSION = YES_AGGRESSIVE;
				CLANG_CXX_LANGUAGE_STANDARD = "gnu++14";
				CLANG_CXX_LIBRARY = "libc++";
				CLANG_ENABLE_MODULES = YES;
				CLANG_ENABLE_OBJC_ARC = YES;
				CLANG_WARN_BLOCK_CAPTURE_AUTORELEASING = YES;
				CLANG_WARN_BOOL_CONVERSION = YES;
				CLANG_WARN_COMMA = YES;
				CLANG_WARN_CONSTANT_CONVERSION = YES;
				CLANG_WARN_DIRECT_OBJC_ISA_USAGE = YES_ERROR;
				CLANG_WARN_DOCUMENTATION_COMMENTS = YES;
				CLANG_WARN_EMPTY_BODY = YES;
				CLANG_WARN_ENUM_CONVERSION = YES;
				CLANG_WARN_INFINITE_RECURSION = YES;
				CLANG_WARN_INT_CONVERSION = YES;
				CLANG_WARN_NON_LITERAL_NULL_CONVERSION = YES;
				CLANG_WARN_OBJC_LITERAL_CONVERSION = YES;
				CLANG_WARN_OBJC_ROOT_CLASS = YES_ERROR;
				CLANG_WARN_RANGE_LOOP_ANALYSIS = YES;
				CLANG_WARN_STRICT_PROTOTYPES = YES;
				CLANG_WARN_SUSPICIOUS_MOVE = YES;
				CLANG_WARN_UNGUARDED_AVAILABILITY = YES_AGGRESSIVE;
				CLANG_WARN_UNREACHABLE_CODE = YES;
				CLANG_WARN__DUPLICATE_METHOD_MATCH = YES;
				CODE_SIGN_IDENTITY = "iPhone Developer";
				COPY_PHASE_STRIP = NO;
				DEBUG_INFORMATION_FORMAT = dwarf;
				ENABLE_STRICT_OBJC_MSGSEND = YES;
				ENABLE_TESTABILITY = YES;
				GCC_C_LANGUAGE_STANDARD = gnu11;
				GCC_DYNAMIC_NO_PIC = NO;
				GCC_NO_COMMON_BLOCKS = YES;
				GCC_OPTIMIZATION_LEVEL = 0;
				GCC_PREPROCESSOR_DEFINITIONS = (
					"DEBUG=1",
					"$(inherited)",
				);
				GCC_WARN_64_TO_32_BIT_CONVERSION = YES;
				GCC_WARN_ABOUT_RETURN_TYPE = YES_ERROR;
				GCC_WARN_UNDECLARED_SELECTOR = YES;
				GCC_WARN_UNINITIALIZED_AUTOS = YES_AGGRESSIVE;
				GCC_WARN_UNUSED_FUNCTION = YES;
				GCC_WARN_UNUSED_VARIABLE = YES;
				IPHONEOS_DEPLOYMENT_TARGET = 11.2;
				MTL_ENABLE_DEBUG_INFO = YES;
				ONLY_ACTIVE_ARCH = YES;
				SDKROOT = iphoneos;
				SWIFT_ACTIVE_COMPILATION_CONDITIONS = DEBUG;
				SWIFT_OPTIMIZATION_LEVEL = "-Onone";
			};
			name = Debug;
		};
		DF8EEFFE2034D59B0060B63A /* Release */ = {
			isa = XCBuildConfiguration;
			buildSettings = {
				ALWAYS_SEARCH_USER_PATHS = NO;
				CLANG_ANALYZER_NONNULL = YES;
				CLANG_ANALYZER_NUMBER_OBJECT_CONVERSION = YES_AGGRESSIVE;
				CLANG_CXX_LANGUAGE_STANDARD = "gnu++14";
				CLANG_CXX_LIBRARY = "libc++";
				CLANG_ENABLE_MODULES = YES;
				CLANG_ENABLE_OBJC_ARC = YES;
				CLANG_WARN_BLOCK_CAPTURE_AUTORELEASING = YES;
				CLANG_WARN_BOOL_CONVERSION = YES;
				CLANG_WARN_COMMA = YES;
				CLANG_WARN_CONSTANT_CONVERSION = YES;
				CLANG_WARN_DIRECT_OBJC_ISA_USAGE = YES_ERROR;
				CLANG_WARN_DOCUMENTATION_COMMENTS = YES;
				CLANG_WARN_EMPTY_BODY = YES;
				CLANG_WARN_ENUM_CONVERSION = YES;
				CLANG_WARN_INFINITE_RECURSION = YES;
				CLANG_WARN_INT_CONVERSION = YES;
				CLANG_WARN_NON_LITERAL_NULL_CONVERSION = YES;
				CLANG_WARN_OBJC_LITERAL_CONVERSION = YES;
				CLANG_WARN_OBJC_ROOT_CLASS = YES_ERROR;
				CLANG_WARN_RANGE_LOOP_ANALYSIS = YES;
				CLANG_WARN_STRICT_PROTOTYPES = YES;
				CLANG_WARN_SUSPICIOUS_MOVE = YES;
				CLANG_WARN_UNGUARDED_AVAILABILITY = YES_AGGRESSIVE;
				CLANG_WARN_UNREACHABLE_CODE = YES;
				CLANG_WARN__DUPLICATE_METHOD_MATCH = YES;
				CODE_SIGN_IDENTITY = "iPhone Developer";
				COPY_PHASE_STRIP = NO;
				DEBUG_INFORMATION_FORMAT = "dwarf-with-dsym";
				ENABLE_NS_ASSERTIONS = NO;
				ENABLE_STRICT_OBJC_MSGSEND = YES;
				GCC_C_LANGUAGE_STANDARD = gnu11;
				GCC_NO_COMMON_BLOCKS = YES;
				GCC_WARN_64_TO_32_BIT_CONVERSION = YES;
				GCC_WARN_ABOUT_RETURN_TYPE = YES_ERROR;
				GCC_WARN_UNDECLARED_SELECTOR = YES;
				GCC_WARN_UNINITIALIZED_AUTOS = YES_AGGRESSIVE;
				GCC_WARN_UNUSED_FUNCTION = YES;
				GCC_WARN_UNUSED_VARIABLE = YES;
				IPHONEOS_DEPLOYMENT_TARGET = 11.2;
				MTL_ENABLE_DEBUG_INFO = NO;
				SDKROOT = iphoneos;
				SWIFT_OPTIMIZATION_LEVEL = "-Owholemodule";
				VALIDATE_PRODUCT = YES;
			};
			name = Release;
		};
		DF8EF0002034D59B0060B63A /* Debug */ = {
			isa = XCBuildConfiguration;
			buildSettings = {
				ASSETCATALOG_COMPILER_APPICON_NAME = AppIcon;
				CODE_SIGN_STYLE = Automatic;
				DEVELOPMENT_TEAM = 436Y3QLM8L;
				FRAMEWORK_SEARCH_PATHS = (
					"$(inherited)",
					"$(PROJECT_DIR)",
				);
				INFOPLIST_FILE = "Crypto Headlines/Info.plist";
				LD_RUNPATH_SEARCH_PATHS = "$(inherited) @executable_path/Frameworks";
				PRODUCT_BUNDLE_IDENTIFIER = "com.geronimoapp.Crypto-Headlines";
				PRODUCT_NAME = "$(TARGET_NAME)";
				SWIFT_VERSION = 4.0;
				TARGETED_DEVICE_FAMILY = 1;
			};
			name = Debug;
		};
		DF8EF0012034D59B0060B63A /* Release */ = {
			isa = XCBuildConfiguration;
			buildSettings = {
				ASSETCATALOG_COMPILER_APPICON_NAME = AppIcon;
				CODE_SIGN_STYLE = Automatic;
				DEVELOPMENT_TEAM = 436Y3QLM8L;
				FRAMEWORK_SEARCH_PATHS = (
					"$(inherited)",
					"$(PROJECT_DIR)",
				);
				INFOPLIST_FILE = "Crypto Headlines/Info.plist";
				LD_RUNPATH_SEARCH_PATHS = "$(inherited) @executable_path/Frameworks";
				PRODUCT_BUNDLE_IDENTIFIER = "com.geronimoapp.Crypto-Headlines";
				PRODUCT_NAME = "$(TARGET_NAME)";
				SWIFT_VERSION = 4.0;
				TARGETED_DEVICE_FAMILY = 1;
			};
			name = Release;
		};
/* End XCBuildConfiguration section */

/* Begin XCConfigurationList section */
		DF8EEFE82034D59B0060B63A /* Build configuration list for PBXProject "Crypto Headlines" */ = {
			isa = XCConfigurationList;
			buildConfigurations = (
				DF8EEFFD2034D59B0060B63A /* Debug */,
				DF8EEFFE2034D59B0060B63A /* Release */,
			);
			defaultConfigurationIsVisible = 0;
			defaultConfigurationName = Release;
		};
		DF8EEFFF2034D59B0060B63A /* Build configuration list for PBXNativeTarget "Crypto Headlines" */ = {
			isa = XCConfigurationList;
			buildConfigurations = (
				DF8EF0002034D59B0060B63A /* Debug */,
				DF8EF0012034D59B0060B63A /* Release */,
			);
			defaultConfigurationIsVisible = 0;
			defaultConfigurationName = Release;
		};
/* End XCConfigurationList section */
	};
	rootObject = DF8EEFE52034D59B0060B63A /* Project object */;
}
