// !$*UTF8*$!
{
	archiveVersion = 1;
	classes = {
	};
	objectVersion = 48;
	objects = {

/* Begin PBXBuildFile section */
		DF8EEFF12034D59B0060B63A /* AppDelegate.swift in Sources */ = {isa = PBXBuildFile; fileRef = DF8EEFF02034D59B0060B63A /* AppDelegate.swift */; };
		DF8EEFF32034D59B0060B63A /* ViewController.swift in Sources */ = {isa = PBXBuildFile; fileRef = DF8EEFF22034D59B0060B63A /* ViewController.swift */; };
		DF8EEFF62034D59B0060B63A /* Main.storyboard in Resources */ = {isa = PBXBuildFile; fileRef = DF8EEFF42034D59B0060B63A /* Main.storyboard */; };
		DF8EEFF82034D59B0060B63A /* Assets.xcassets in Resources */ = {isa = PBXBuildFile; fileRef = DF8EEFF72034D59B0060B63A /* Assets.xcassets */; };
		DF8EEFFB2034D59B0060B63A /* LaunchScreen.storyboard in Resources */ = {isa = PBXBuildFile; fileRef = DF8EEFF92034D59B0060B63A /* LaunchScreen.storyboard */; };
/* End PBXBuildFile section */

/* Begin PBXFileReference section */
		DF8EEFED2034D59B0060B63A /* Crypto Headlines.app */ = {isa = PBXFileReference; explicitFileType = wrapper.application; includeInIndex = 0; path = "Crypto Headlines.app"; sourceTree = BUILT_PRODUCTS_DIR; };
		DF8EEFF02034D59B0060B63A /* AppDelegate.swift */ = {isa = PBXFileReference; lastKnownFileType = sourcecode.swift; path = AppDelegate.swift; sourceTree = "<group>"; };
		DF8EEFF22034D59B0060B63A /* ViewController.swift */ = {isa = PBXFileReference; lastKnownFileType = sourcecode.swift; path = ViewController.swift; sourceTree = "<group>"; };
		DF8EEFF52034D59B0060B63A /* Base */ = {isa = PBXFileReference; lastKnownFileType = file.storyboard; name = Base; path = Base.lproj/Main.storyboard; sourceTree = "<group>"; };
		DF8EEFF72034D59B0060B63A /* Assets.xcassets */ = {isa = PBXFileReference; lastKnownFileType = folder.assetcatalog; path = Assets.xcassets; sourceTree = "<group>"; };
		DF8EEFFA2034D59B0060B63A /* Base */ = {isa = PBXFileReference; lastKnownFileType = file.storyboard; name = Base; path = Base.lproj/LaunchScreen.storyboard; sourceTree = "<group>"; };
		DF8EEFFC2034D59B0060B63A /* Info.plist */ = {isa = PBXFileReference; lastKnownFileType = text.plist.xml; path = Info.plist; sourceTree = "<group>"; };
/* End PBXFileReference section */

/* Begin PBXFrameworksBuildPhase section */
		DF8EEFEA2034D59B0060B63A /* Frameworks */ = {
			isa = PBXFrameworksBuildPhase;
			buildActionMask = 2147483647;
			files = (
			);
			runOnlyForDeploymentPostprocessing = 0;
		};
/* End PBXFrameworksBuildPhase section */

/* Begin PBXGroup section */
		DF8EEFE42034D59B0060B63A = {
			isa = PBXGroup;
			children = (
				DF8EEFEF2034D59B0060B63A /* Crypto Headlines */,
				DF8EEFEE2034D59B0060B63A /* Products */,
			);
			sourceTree = "<group>";
		};
		DF8EEFEE2034D59B0060B63A /* Products */ = {
			isa = PBXGroup;
			children = (
				DF8EEFED2034D59B0060B63A /* Crypto Headlines.app */,
			);
			name = Products;
			sourceTree = "<group>";
		};
		DF8EEFEF2034D59B0060B63A /* Crypto Headlines */ = {
			isa = PBXGroup;
			children = (
				DF8EEFF02034D59B0060B63A /* AppDelegate.swift */,
				DF8EEFF22034D59B0060B63A /* ViewController.swift */,
				DF8EEFF42034D59B0060B63A /* Main.storyboard */,
				DF8EEFF72034D59B0060B63A /* Assets.xcassets */,
				DF8EEFF92034D59B0060B63A /* LaunchScreen.storyboard */,
				DF8EEFFC2034D59B0060B63A /* Info.plist */,
			);
			path = "Crypto Headlines";
			sourceTree = "<group>";
		};
/* End PBXGroup section */

/* Begin PBXNativeTarget section */
		DF8EEFEC2034D59B0060B63A /* Crypto Headlines */ = {
			isa = PBXNativeTarget;
			buildConfigurationList = DF8EEFFF2034D59B0060B63A /* Build configuration list for PBXNativeTarget "Crypto Headlines" */;
			buildPhases = (
				DF8EEFE92034D59B0060B63A /* Sources */,
				DF8EEFEA2034D59B0060B63A /* Frameworks */,
				DF8EEFEB2034D59B0060B63A /* Resources */,
			);
			buildRules = (
			);
			dependencies = (
			);
			name = "Crypto Headlines";
			productName = "Crypto Headlines";
			productReference = DF8EEFED2034D59B0060B63A /* Crypto Headlines.app */;
			productType = "com.apple.product-type.application";
		};
/* End PBXNativeTarget section */

/* Begin PBXProject section */
		DF8EEFE52034D59B0060B63A /* Project object */ = {
			isa = PBXProject;
			attributes = {
				LastSwiftUpdateCheck = 0920;
				LastUpgradeCheck = 0920;
				ORGANIZATIONNAME = "Joshua Geronimo";
				TargetAttributes = {
					DF8EEFEC2034D59B0060B63A = {
						CreatedOnToolsVersion = 9.2;
						ProvisioningStyle = Automatic;
					};
				};
			};
			buildConfigurationList = DF8EEFE82034D59B0060B63A /* Build configuration list for PBXProject "Crypto Headlines" */;
			compatibilityVersion = "Xcode 8.0";
			developmentRegion = en;
			hasScannedForEncodings = 0;
			knownRegions = (
				en,
				Base,
			);
			mainGroup = DF8EEFE42034D59B0060B63A;
			productRefGroup = DF8EEFEE2034D59B0060B63A /* Products */;
			projectDirPath = "";
			projectRoot = "";
			targets = (
				DF8EEFEC2034D59B0060B63A /* Crypto Headlines */,
			);
		};
/* End PBXProject section */

/* Begin PBXResourcesBuildPhase section */
		DF8EEFEB2034D59B0060B63A /* Resources */ = {
			isa = PBXResourcesBuildPhase;
			buildActionMask = 2147483647;
			files = (
				DF8EEFFB2034D59B0060B63A /* LaunchScreen.storyboard in Resources */,
				DF8EEFF82034D59B0060B63A /* Assets.xcassets in Resources */,
				DF8EEFF62034D59B0060B63A /* Main.storyboard in Resources */,
			);
			runOnlyForDeploymentPostprocessing = 0;
		};
/* End PBXResourcesBuildPhase section */

/* Begin PBXSourcesBuildPhase section */
		DF8EEFE92034D59B0060B63A /* Sources */ = {
			isa = PBXSourcesBuildPhase;
			buildActionMask = 2147483647;
			files = (
				DF8EEFF32034D59B0060B63A /* ViewController.swift in Sources */,
				DF8EEFF12034D59B0060B63A /* AppDelegate.swift in Sources */,
			);
			runOnlyForDeploymentPostprocessing = 0;
		};
/* End PBXSourcesBuildPhase section */

/* Begin PBXVariantGroup section */
		DF8EEFF42034D59B0060B63A /* Main.storyboard */ = {
			isa = PBXVariantGroup;
			children = (
				DF8EEFF52034D59B0060B63A /* Base */,
			);
			name = Main.storyboard;
			sourceTree = "<group>";
		};
		DF8EEFF92034D59B0060B63A /* LaunchScreen.storyboard */ = {
			isa = PBXVariantGroup;
			children = (
				DF8EEFFA2034D59B0060B63A /* Base */,
			);
			name = LaunchScreen.storyboard;
			sourceTree = "<group>";
		};
/* End PBXVariantGroup section */

/* Begin XCBuildConfiguration section */
		DF8EEFFD2034D59B0060B63A /* Debug */ = {
			isa = XCBuildConfiguration;
			buildSettings = {
				ALWAYS_SEARCH_USER_PATHS = NO;
				CLANG_ANALYZER_NONNULL = YES;
				CLANG_ANALYZER_NUMBER_OBJECT_CONVERSION = YES_AGGRESSIVE;
				CLANG_CXX_LANGUAGE_STANDARD = "gnu++14";
				CLANG_CXX_LIBRARY = "libc++";
				CLANG_ENABLE_MODULES = YES;
				CLANG_ENABLE_OBJC_ARC = YES;
				CLANG_WARN_BLOCK_CAPTURE_AUTORELEASING = YES;
				CLANG_WARN_BOOL_CONVERSION = YES;
				CLANG_WARN_COMMA = YES;
				CLANG_WARN_CONSTANT_CONVERSION = YES;
				CLANG_WARN_DIRECT_OBJC_ISA_USAGE = YES_ERROR;
				CLANG_WARN_DOCUMENTATION_COMMENTS = YES;
				CLANG_WARN_EMPTY_BODY = YES;
				CLANG_WARN_ENUM_CONVERSION = YES;
				CLANG_WARN_INFINITE_RECURSION = YES;
				CLANG_WARN_INT_CONVERSION = YES;
				CLANG_WARN_NON_LITERAL_NULL_CONVERSION = YES;
				CLANG_WARN_OBJC_LITERAL_CONVERSION = YES;
				CLANG_WARN_OBJC_ROOT_CLASS = YES_ERROR;
				CLANG_WARN_RANGE_LOOP_ANALYSIS = YES;
				CLANG_WARN_STRICT_PROTOTYPES = YES;
				CLANG_WARN_SUSPICIOUS_MOVE = YES;
				CLANG_WARN_UNGUARDED_AVAILABILITY = YES_AGGRESSIVE;
				CLANG_WARN_UNREACHABLE_CODE = YES;
				CLANG_WARN__DUPLICATE_METHOD_MATCH = YES;
				CODE_SIGN_IDENTITY = "iPhone Developer";
				COPY_PHASE_STRIP = NO;
				DEBUG_INFORMATION_FORMAT = dwarf;
				ENABLE_STRICT_OBJC_MSGSEND = YES;
				ENABLE_TESTABILITY = YES;
				GCC_C_LANGUAGE_STANDARD = gnu11;
				GCC_DYNAMIC_NO_PIC = NO;
				GCC_NO_COMMON_BLOCKS = YES;
				GCC_OPTIMIZATION_LEVEL = 0;
				GCC_PREPROCESSOR_DEFINITIONS = (
					"DEBUG=1",
					"$(inherited)",
				);
				GCC_WARN_64_TO_32_BIT_CONVERSION = YES;
				GCC_WARN_ABOUT_RETURN_TYPE = YES_ERROR;
				GCC_WARN_UNDECLARED_SELECTOR = YES;
				GCC_WARN_UNINITIALIZED_AUTOS = YES_AGGRESSIVE;
				GCC_WARN_UNUSED_FUNCTION = YES;
				GCC_WARN_UNUSED_VARIABLE = YES;
				IPHONEOS_DEPLOYMENT_TARGET = 11.2;
				MTL_ENABLE_DEBUG_INFO = YES;
				ONLY_ACTIVE_ARCH = YES;
				SDKROOT = iphoneos;
				SWIFT_ACTIVE_COMPILATION_CONDITIONS = DEBUG;
				SWIFT_OPTIMIZATION_LEVEL = "-Onone";
			};
			name = Debug;
		};
		DF8EEFFE2034D59B0060B63A /* Release */ = {
			isa = XCBuildConfiguration;
			buildSettings = {
				ALWAYS_SEARCH_USER_PATHS = NO;
				CLANG_ANALYZER_NONNULL = YES;
				CLANG_ANALYZER_NUMBER_OBJECT_CONVERSION = YES_AGGRESSIVE;
				CLANG_CXX_LANGUAGE_STANDARD = "gnu++14";
				CLANG_CXX_LIBRARY = "libc++";
				CLANG_ENABLE_MODULES = YES;
				CLANG_ENABLE_OBJC_ARC = YES;
				CLANG_WARN_BLOCK_CAPTURE_AUTORELEASING = YES;
				CLANG_WARN_BOOL_CONVERSION = YES;
				CLANG_WARN_COMMA = YES;
				CLANG_WARN_CONSTANT_CONVERSION = YES;
				CLANG_WARN_DIRECT_OBJC_ISA_USAGE = YES_ERROR;
				CLANG_WARN_DOCUMENTATION_COMMENTS = YES;
				CLANG_WARN_EMPTY_BODY = YES;
				CLANG_WARN_ENUM_CONVERSION = YES;
				CLANG_WARN_INFINITE_RECURSION = YES;
				CLANG_WARN_INT_CONVERSION = YES;
				CLANG_WARN_NON_LITERAL_NULL_CONVERSION = YES;
				CLANG_WARN_OBJC_LITERAL_CONVERSION = YES;
				CLANG_WARN_OBJC_ROOT_CLASS = YES_ERROR;
				CLANG_WARN_RANGE_LOOP_ANALYSIS = YES;
				CLANG_WARN_STRICT_PROTOTYPES = YES;
				CLANG_WARN_SUSPICIOUS_MOVE = YES;
				CLANG_WARN_UNGUARDED_AVAILABILITY = YES_AGGRESSIVE;
				CLANG_WARN_UNREACHABLE_CODE = YES;
				CLANG_WARN__DUPLICATE_METHOD_MATCH = YES;
				CODE_SIGN_IDENTITY = "iPhone Developer";
				COPY_PHASE_STRIP = NO;
				DEBUG_INFORMATION_FORMAT = "dwarf-with-dsym";
				ENABLE_NS_ASSERTIONS = NO;
				ENABLE_STRICT_OBJC_MSGSEND = YES;
				GCC_C_LANGUAGE_STANDARD = gnu11;
				GCC_NO_COMMON_BLOCKS = YES;
				GCC_WARN_64_TO_32_BIT_CONVERSION = YES;
				GCC_WARN_ABOUT_RETURN_TYPE = YES_ERROR;
				GCC_WARN_UNDECLARED_SELECTOR = YES;
				GCC_WARN_UNINITIALIZED_AUTOS = YES_AGGRESSIVE;
				GCC_WARN_UNUSED_FUNCTION = YES;
				GCC_WARN_UNUSED_VARIABLE = YES;
				IPHONEOS_DEPLOYMENT_TARGET = 11.2;
				MTL_ENABLE_DEBUG_INFO = NO;
				SDKROOT = iphoneos;
				SWIFT_OPTIMIZATION_LEVEL = "-Owholemodule";
				VALIDATE_PRODUCT = YES;
			};
			name = Release;
		};
		DF8EF0002034D59B0060B63A /* Debug */ = {
			isa = XCBuildConfiguration;
			buildSettings = {
				ASSETCATALOG_COMPILER_APPICON_NAME = AppIcon;
				CODE_SIGN_STYLE = Automatic;
				DEVELOPMENT_TEAM = 436Y3QLM8L;
				INFOPLIST_FILE = "Crypto Headlines/Info.plist";
				LD_RUNPATH_SEARCH_PATHS = "$(inherited) @executable_path/Frameworks";
				PRODUCT_BUNDLE_IDENTIFIER = "com.geronimoapp.Crypto-Headlines";
				PRODUCT_NAME = "$(TARGET_NAME)";
				SWIFT_VERSION = 4.0;
				TARGETED_DEVICE_FAMILY = 1;
			};
			name = Debug;
		};
		DF8EF0012034D59B0060B63A /* Release */ = {
			isa = XCBuildConfiguration;
			buildSettings = {
				ASSETCATALOG_COMPILER_APPICON_NAME = AppIcon;
				CODE_SIGN_STYLE = Automatic;
				DEVELOPMENT_TEAM = 436Y3QLM8L;
				INFOPLIST_FILE = "Crypto Headlines/Info.plist";
				LD_RUNPATH_SEARCH_PATHS = "$(inherited) @executable_path/Frameworks";
				PRODUCT_BUNDLE_IDENTIFIER = "com.geronimoapp.Crypto-Headlines";
				PRODUCT_NAME = "$(TARGET_NAME)";
				SWIFT_VERSION = 4.0;
				TARGETED_DEVICE_FAMILY = 1;
			};
			name = Release;
		};
/* End XCBuildConfiguration section */

/* Begin XCConfigurationList section */
		DF8EEFE82034D59B0060B63A /* Build configuration list for PBXProject "Crypto Headlines" */ = {
			isa = XCConfigurationList;
			buildConfigurations = (
				DF8EEFFD2034D59B0060B63A /* Debug */,
				DF8EEFFE2034D59B0060B63A /* Release */,
			);
			defaultConfigurationIsVisible = 0;
			defaultConfigurationName = Release;
		};
		DF8EEFFF2034D59B0060B63A /* Build configuration list for PBXNativeTarget "Crypto Headlines" */ = {
			isa = XCConfigurationList;
			buildConfigurations = (
				DF8EF0002034D59B0060B63A /* Debug */,
				DF8EF0012034D59B0060B63A /* Release */,
			);
			defaultConfigurationIsVisible = 0;
			defaultConfigurationName = Release;
		};
/* End XCConfigurationList section */
	};
	rootObject = DF8EEFE52034D59B0060B63A /* Project object */;
}
