// !$*UTF8*$!
{
	archiveVersion = 1;
	classes = {
	};
	objectVersion = 48;
	objects = {

/* Begin PBXBuildFile section */
		768A9DCA2381983F009AADC2 /* NewsFeedView.swift in Sources */ = {isa = PBXBuildFile; fileRef = 768A9DC92381983F009AADC2 /* NewsFeedView.swift */; };
		768A9DCC23819F24009AADC2 /* TitleHeaderView.swift in Sources */ = {isa = PBXBuildFile; fileRef = 768A9DCB23819F24009AADC2 /* TitleHeaderView.swift */; };
		768A9DCE2381D62B009AADC2 /* NewsCardRow.swift in Sources */ = {isa = PBXBuildFile; fileRef = 768A9DCD2381D62B009AADC2 /* NewsCardRow.swift */; };
		768A9DD02381D7EA009AADC2 /* NetworkService.swift in Sources */ = {isa = PBXBuildFile; fileRef = 768A9DCF2381D7EA009AADC2 /* NetworkService.swift */; };
		768A9DD22381EF2E009AADC2 /* NewsCardViewModel.swift in Sources */ = {isa = PBXBuildFile; fileRef = 768A9DD12381EF2E009AADC2 /* NewsCardViewModel.swift */; };
		768A9DD423835190009AADC2 /* WebView.swift in Sources */ = {isa = PBXBuildFile; fileRef = 768A9DD323835190009AADC2 /* WebView.swift */; };
		768A9DD62383534A009AADC2 /* ArticleView.swift in Sources */ = {isa = PBXBuildFile; fileRef = 768A9DD52383534A009AADC2 /* ArticleView.swift */; };
		768A9DE0238360B4009AADC2 /* ImageLoader.swift in Sources */ = {isa = PBXBuildFile; fileRef = 768A9DDF238360B4009AADC2 /* ImageLoader.swift */; };
		768A9DE223836180009AADC2 /* NewsThumbNailImageView.swift in Sources */ = {isa = PBXBuildFile; fileRef = 768A9DE123836180009AADC2 /* NewsThumbNailImageView.swift */; };
		768A9DE423836384009AADC2 /* CryptoView.swift in Sources */ = {isa = PBXBuildFile; fileRef = 768A9DE323836384009AADC2 /* CryptoView.swift */; };
		768A9DE623836662009AADC2 /* CryptoCardRow.swift in Sources */ = {isa = PBXBuildFile; fileRef = 768A9DE523836662009AADC2 /* CryptoCardRow.swift */; };
		768A9DE8238375CC009AADC2 /* CryptoCardViewModel.swift in Sources */ = {isa = PBXBuildFile; fileRef = 768A9DE7238375CC009AADC2 /* CryptoCardViewModel.swift */; };
		76E56189238100A20089F27E /* MainTabView.swift in Sources */ = {isa = PBXBuildFile; fileRef = 76E56188238100A20089F27E /* MainTabView.swift */; };
		76E561AB238101CE0089F27E /* SceneDelegate.swift in Sources */ = {isa = PBXBuildFile; fileRef = 76E561AA238101CE0089F27E /* SceneDelegate.swift */; };
		76E561AD238106C90089F27E /* UIColor+Theme.swift in Sources */ = {isa = PBXBuildFile; fileRef = 76E561AC238106C90089F27E /* UIColor+Theme.swift */; };
		76E561AF23810A9A0089F27E /* DeveloperView.swift in Sources */ = {isa = PBXBuildFile; fileRef = 76E561AE23810A9A0089F27E /* DeveloperView.swift */; };
		76E561B1238111CC0089F27E /* CircleImage.swift in Sources */ = {isa = PBXBuildFile; fileRef = 76E561B0238111CC0089F27E /* CircleImage.swift */; };
		DF0B90732062ABB20022C373 /* NotificationConstant.swift in Sources */ = {isa = PBXBuildFile; fileRef = DF0B90722062ABB20022C373 /* NotificationConstant.swift */; };
		DF0B90752062B6A20022C373 /* CellIdentifierConstant.swift in Sources */ = {isa = PBXBuildFile; fileRef = DF0B90742062B6A20022C373 /* CellIdentifierConstant.swift */; };
		DF41129D204BDBD80000A967 /* Theme.xcassets in Resources */ = {isa = PBXBuildFile; fileRef = DF41129C204BDBD80000A967 /* Theme.xcassets */; };
		DF72B22A2034F30C008823BB /* CryptoCoinsNews.swift in Sources */ = {isa = PBXBuildFile; fileRef = DF72B2292034F30C008823BB /* CryptoCoinsNews.swift */; };
		DF72B22D2035C048008823BB /* NewsConstant.swift in Sources */ = {isa = PBXBuildFile; fileRef = DF72B22C2035C048008823BB /* NewsConstant.swift */; };
		DF887B70203E46EF00F40626 /* CryptoInfoViewController.swift in Sources */ = {isa = PBXBuildFile; fileRef = DF887B6F203E46EF00F40626 /* CryptoInfoViewController.swift */; };
		DF8EEFF12034D59B0060B63A /* AppDelegate.swift in Sources */ = {isa = PBXBuildFile; fileRef = DF8EEFF02034D59B0060B63A /* AppDelegate.swift */; };
		DF8EEFF32034D59B0060B63A /* NewsViewController.swift in Sources */ = {isa = PBXBuildFile; fileRef = DF8EEFF22034D59B0060B63A /* NewsViewController.swift */; };
		DF8EEFF62034D59B0060B63A /* Main.storyboard in Resources */ = {isa = PBXBuildFile; fileRef = DF8EEFF42034D59B0060B63A /* Main.storyboard */; };
		DF8EEFF82034D59B0060B63A /* Assets.xcassets in Resources */ = {isa = PBXBuildFile; fileRef = DF8EEFF72034D59B0060B63A /* Assets.xcassets */; };
		DF8EEFFB2034D59B0060B63A /* LaunchScreen.storyboard in Resources */ = {isa = PBXBuildFile; fileRef = DF8EEFF92034D59B0060B63A /* LaunchScreen.storyboard */; };
		DF8EF0032034DF7C0060B63A /* CryptoViewController.swift in Sources */ = {isa = PBXBuildFile; fileRef = DF8EF0022034DF7C0060B63A /* CryptoViewController.swift */; };
		DF8EF0052034DFD60060B63A /* DeveloperViewController.swift in Sources */ = {isa = PBXBuildFile; fileRef = DF8EF0042034DFD60060B63A /* DeveloperViewController.swift */; };
		DFB556D5203877A200736C59 /* TitleHeader.swift in Sources */ = {isa = PBXBuildFile; fileRef = DFB556D4203877A200736C59 /* TitleHeader.swift */; };
		DFB556D7203878F300736C59 /* TitleSource.swift in Sources */ = {isa = PBXBuildFile; fileRef = DFB556D6203878F300736C59 /* TitleSource.swift */; };
		DFB556DA203880F000736C59 /* TitleCollectionViewCell.swift in Sources */ = {isa = PBXBuildFile; fileRef = DFB556D9203880F000736C59 /* TitleCollectionViewCell.swift */; };
		DFB556DC2038810300736C59 /* NewsCollectionViewCell.swift in Sources */ = {isa = PBXBuildFile; fileRef = DFB556DB2038810300736C59 /* NewsCollectionViewCell.swift */; };
		DFB556DE2038BA0D00736C59 /* CustomImageView.swift in Sources */ = {isa = PBXBuildFile; fileRef = DFB556DD2038BA0D00736C59 /* CustomImageView.swift */; };
		DFB556E02039CFF300736C59 /* CoinMarketCap.swift in Sources */ = {isa = PBXBuildFile; fileRef = DFB556DF2039CFF300736C59 /* CoinMarketCap.swift */; };
		DFB556E42039DDB400736C59 /* CoinsConstant.swift in Sources */ = {isa = PBXBuildFile; fileRef = DFB556E32039DDB400736C59 /* CoinsConstant.swift */; };
		DFB556E62039E83800736C59 /* CoinsCollectionViewCell.swift in Sources */ = {isa = PBXBuildFile; fileRef = DFB556E52039E83800736C59 /* CoinsCollectionViewCell.swift */; };
		DFBA9CD8203A6FDD0033700E /* WebViewController.swift in Sources */ = {isa = PBXBuildFile; fileRef = DFBA9CD7203A6FDD0033700E /* WebViewController.swift */; };
/* End PBXBuildFile section */

/* Begin PBXFileReference section */
		768A9DC92381983F009AADC2 /* NewsFeedView.swift */ = {isa = PBXFileReference; lastKnownFileType = sourcecode.swift; path = NewsFeedView.swift; sourceTree = "<group>"; };
		768A9DCB23819F24009AADC2 /* TitleHeaderView.swift */ = {isa = PBXFileReference; lastKnownFileType = sourcecode.swift; path = TitleHeaderView.swift; sourceTree = "<group>"; };
		768A9DCD2381D62B009AADC2 /* NewsCardRow.swift */ = {isa = PBXFileReference; lastKnownFileType = sourcecode.swift; path = NewsCardRow.swift; sourceTree = "<group>"; };
		768A9DCF2381D7EA009AADC2 /* NetworkService.swift */ = {isa = PBXFileReference; lastKnownFileType = sourcecode.swift; path = NetworkService.swift; sourceTree = "<group>"; };
		768A9DD12381EF2E009AADC2 /* NewsCardViewModel.swift */ = {isa = PBXFileReference; lastKnownFileType = sourcecode.swift; path = NewsCardViewModel.swift; sourceTree = "<group>"; };
		768A9DD323835190009AADC2 /* WebView.swift */ = {isa = PBXFileReference; lastKnownFileType = sourcecode.swift; path = WebView.swift; sourceTree = "<group>"; };
		768A9DD52383534A009AADC2 /* ArticleView.swift */ = {isa = PBXFileReference; lastKnownFileType = sourcecode.swift; path = ArticleView.swift; sourceTree = "<group>"; };
		768A9DDF238360B4009AADC2 /* ImageLoader.swift */ = {isa = PBXFileReference; lastKnownFileType = sourcecode.swift; path = ImageLoader.swift; sourceTree = "<group>"; };
		768A9DE123836180009AADC2 /* NewsThumbNailImageView.swift */ = {isa = PBXFileReference; lastKnownFileType = sourcecode.swift; path = NewsThumbNailImageView.swift; sourceTree = "<group>"; };
		768A9DE323836384009AADC2 /* CryptoView.swift */ = {isa = PBXFileReference; lastKnownFileType = sourcecode.swift; path = CryptoView.swift; sourceTree = "<group>"; };
		768A9DE523836662009AADC2 /* CryptoCardRow.swift */ = {isa = PBXFileReference; lastKnownFileType = sourcecode.swift; path = CryptoCardRow.swift; sourceTree = "<group>"; };
		768A9DE7238375CC009AADC2 /* CryptoCardViewModel.swift */ = {isa = PBXFileReference; lastKnownFileType = sourcecode.swift; path = CryptoCardViewModel.swift; sourceTree = "<group>"; };
		76E56188238100A20089F27E /* MainTabView.swift */ = {isa = PBXFileReference; lastKnownFileType = sourcecode.swift; path = MainTabView.swift; sourceTree = "<group>"; };
		76E561AA238101CE0089F27E /* SceneDelegate.swift */ = {isa = PBXFileReference; lastKnownFileType = sourcecode.swift; path = SceneDelegate.swift; sourceTree = "<group>"; };
		76E561AC238106C90089F27E /* UIColor+Theme.swift */ = {isa = PBXFileReference; lastKnownFileType = sourcecode.swift; path = "UIColor+Theme.swift"; sourceTree = "<group>"; };
		76E561AE23810A9A0089F27E /* DeveloperView.swift */ = {isa = PBXFileReference; lastKnownFileType = sourcecode.swift; path = DeveloperView.swift; sourceTree = "<group>"; };
		76E561B0238111CC0089F27E /* CircleImage.swift */ = {isa = PBXFileReference; lastKnownFileType = sourcecode.swift; path = CircleImage.swift; sourceTree = "<group>"; };
		DF0B90722062ABB20022C373 /* NotificationConstant.swift */ = {isa = PBXFileReference; lastKnownFileType = sourcecode.swift; path = NotificationConstant.swift; sourceTree = "<group>"; };
		DF0B90742062B6A20022C373 /* CellIdentifierConstant.swift */ = {isa = PBXFileReference; lastKnownFileType = sourcecode.swift; path = CellIdentifierConstant.swift; sourceTree = "<group>"; };
		DF41129C204BDBD80000A967 /* Theme.xcassets */ = {isa = PBXFileReference; lastKnownFileType = folder.assetcatalog; path = Theme.xcassets; sourceTree = "<group>"; };
		DF72B2292034F30C008823BB /* CryptoCoinsNews.swift */ = {isa = PBXFileReference; lastKnownFileType = sourcecode.swift; path = CryptoCoinsNews.swift; sourceTree = "<group>"; };
		DF72B22C2035C048008823BB /* NewsConstant.swift */ = {isa = PBXFileReference; lastKnownFileType = sourcecode.swift; path = NewsConstant.swift; sourceTree = "<group>"; };
		DF887B6F203E46EF00F40626 /* CryptoInfoViewController.swift */ = {isa = PBXFileReference; lastKnownFileType = sourcecode.swift; path = CryptoInfoViewController.swift; sourceTree = "<group>"; };
		DF8EEFED2034D59B0060B63A /* Crypto Headlines.app */ = {isa = PBXFileReference; explicitFileType = wrapper.application; includeInIndex = 0; path = "Crypto Headlines.app"; sourceTree = BUILT_PRODUCTS_DIR; };
		DF8EEFF02034D59B0060B63A /* AppDelegate.swift */ = {isa = PBXFileReference; lastKnownFileType = sourcecode.swift; path = AppDelegate.swift; sourceTree = "<group>"; };
		DF8EEFF22034D59B0060B63A /* NewsViewController.swift */ = {isa = PBXFileReference; lastKnownFileType = sourcecode.swift; path = NewsViewController.swift; sourceTree = "<group>"; };
		DF8EEFF52034D59B0060B63A /* Base */ = {isa = PBXFileReference; lastKnownFileType = file.storyboard; name = Base; path = Base.lproj/Main.storyboard; sourceTree = "<group>"; };
		DF8EEFF72034D59B0060B63A /* Assets.xcassets */ = {isa = PBXFileReference; lastKnownFileType = folder.assetcatalog; path = Assets.xcassets; sourceTree = "<group>"; };
		DF8EEFFA2034D59B0060B63A /* Base */ = {isa = PBXFileReference; lastKnownFileType = file.storyboard; name = Base; path = Base.lproj/LaunchScreen.storyboard; sourceTree = "<group>"; };
		DF8EEFFC2034D59B0060B63A /* Info.plist */ = {isa = PBXFileReference; lastKnownFileType = text.plist.xml; path = Info.plist; sourceTree = "<group>"; };
		DF8EF0022034DF7C0060B63A /* CryptoViewController.swift */ = {isa = PBXFileReference; lastKnownFileType = sourcecode.swift; path = CryptoViewController.swift; sourceTree = "<group>"; };
		DF8EF0042034DFD60060B63A /* DeveloperViewController.swift */ = {isa = PBXFileReference; lastKnownFileType = sourcecode.swift; path = DeveloperViewController.swift; sourceTree = "<group>"; };
		DFB556D4203877A200736C59 /* TitleHeader.swift */ = {isa = PBXFileReference; lastKnownFileType = sourcecode.swift; path = TitleHeader.swift; sourceTree = "<group>"; };
		DFB556D6203878F300736C59 /* TitleSource.swift */ = {isa = PBXFileReference; lastKnownFileType = sourcecode.swift; path = TitleSource.swift; sourceTree = "<group>"; };
		DFB556D9203880F000736C59 /* TitleCollectionViewCell.swift */ = {isa = PBXFileReference; lastKnownFileType = sourcecode.swift; path = TitleCollectionViewCell.swift; sourceTree = "<group>"; };
		DFB556DB2038810300736C59 /* NewsCollectionViewCell.swift */ = {isa = PBXFileReference; lastKnownFileType = sourcecode.swift; path = NewsCollectionViewCell.swift; sourceTree = "<group>"; };
		DFB556DD2038BA0D00736C59 /* CustomImageView.swift */ = {isa = PBXFileReference; lastKnownFileType = sourcecode.swift; path = CustomImageView.swift; sourceTree = "<group>"; };
		DFB556DF2039CFF300736C59 /* CoinMarketCap.swift */ = {isa = PBXFileReference; lastKnownFileType = sourcecode.swift; path = CoinMarketCap.swift; sourceTree = "<group>"; };
		DFB556E32039DDB400736C59 /* CoinsConstant.swift */ = {isa = PBXFileReference; lastKnownFileType = sourcecode.swift; path = CoinsConstant.swift; sourceTree = "<group>"; };
		DFB556E52039E83800736C59 /* CoinsCollectionViewCell.swift */ = {isa = PBXFileReference; lastKnownFileType = sourcecode.swift; path = CoinsCollectionViewCell.swift; sourceTree = "<group>"; };
		DFBA9CD7203A6FDD0033700E /* WebViewController.swift */ = {isa = PBXFileReference; lastKnownFileType = sourcecode.swift; path = WebViewController.swift; sourceTree = "<group>"; };
/* End PBXFileReference section */

/* Begin PBXFrameworksBuildPhase section */
		DF8EEFEA2034D59B0060B63A /* Frameworks */ = {
			isa = PBXFrameworksBuildPhase;
			buildActionMask = 2147483647;
			files = (
			);
			runOnlyForDeploymentPostprocessing = 0;
		};
/* End PBXFrameworksBuildPhase section */

/* Begin PBXGroup section */
		768A9DD723835EE5009AADC2 /* SwiftUI */ = {
			isa = PBXGroup;
			children = (
				768A9DD823835F46009AADC2 /* Model */,
				768A9DD923835F4F009AADC2 /* View */,
				768A9DDA23835F5C009AADC2 /* ModelView */,
			);
			path = SwiftUI;
			sourceTree = "<group>";
		};
		768A9DD823835F46009AADC2 /* Model */ = {
			isa = PBXGroup;
			children = (
				DF72B22C2035C048008823BB /* NewsConstant.swift */,
				DFB556E32039DDB400736C59 /* CoinsConstant.swift */,
				DF72B2292034F30C008823BB /* CryptoCoinsNews.swift */,
				DFB556DF2039CFF300736C59 /* CoinMarketCap.swift */,
			);
			path = Model;
			sourceTree = "<group>";
		};
		768A9DD923835F4F009AADC2 /* View */ = {
			isa = PBXGroup;
			children = (
				76E56188238100A20089F27E /* MainTabView.swift */,
				768A9DDB23835FA6009AADC2 /* News Feed */,
				768A9DDD23835FDE009AADC2 /* Crypto Page */,
				768A9DDC23835FBF009AADC2 /* Developer Page */,
				768A9DDE2383601F009AADC2 /* Helper Views */,
			);
			path = View;
			sourceTree = "<group>";
		};
		768A9DDA23835F5C009AADC2 /* ModelView */ = {
			isa = PBXGroup;
			children = (
				768A9DD12381EF2E009AADC2 /* NewsCardViewModel.swift */,
				768A9DE7238375CC009AADC2 /* CryptoCardViewModel.swift */,
			);
			path = ModelView;
			sourceTree = "<group>";
		};
		768A9DDB23835FA6009AADC2 /* News Feed */ = {
			isa = PBXGroup;
			children = (
				768A9DC92381983F009AADC2 /* NewsFeedView.swift */,
				768A9DCD2381D62B009AADC2 /* NewsCardRow.swift */,
				768A9DE123836180009AADC2 /* NewsThumbNailImageView.swift */,
				768A9DD52383534A009AADC2 /* ArticleView.swift */,
			);
			path = "News Feed";
			sourceTree = "<group>";
		};
		768A9DDC23835FBF009AADC2 /* Developer Page */ = {
			isa = PBXGroup;
			children = (
				76E561AE23810A9A0089F27E /* DeveloperView.swift */,
			);
			path = "Developer Page";
			sourceTree = "<group>";
		};
		768A9DDD23835FDE009AADC2 /* Crypto Page */ = {
			isa = PBXGroup;
			children = (
				768A9DE323836384009AADC2 /* CryptoView.swift */,
				768A9DE523836662009AADC2 /* CryptoCardRow.swift */,
			);
			path = "Crypto Page";
			sourceTree = "<group>";
		};
		768A9DDE2383601F009AADC2 /* Helper Views */ = {
			isa = PBXGroup;
			children = (
				768A9DD323835190009AADC2 /* WebView.swift */,
				76E561B0238111CC0089F27E /* CircleImage.swift */,
				768A9DCB23819F24009AADC2 /* TitleHeaderView.swift */,
			);
			path = "Helper Views";
			sourceTree = "<group>";
		};
		DF8EEFE42034D59B0060B63A = {
			isa = PBXGroup;
			children = (
				DF8EEFEF2034D59B0060B63A /* Crypto Headlines */,
				DF8EEFEE2034D59B0060B63A /* Products */,
			);
			sourceTree = "<group>";
		};
		DF8EEFEE2034D59B0060B63A /* Products */ = {
			isa = PBXGroup;
			children = (
				DF8EEFED2034D59B0060B63A /* Crypto Headlines.app */,
			);
			name = Products;
			sourceTree = "<group>";
		};
		DF8EEFEF2034D59B0060B63A /* Crypto Headlines */ = {
			isa = PBXGroup;
			children = (
				768A9DD723835EE5009AADC2 /* SwiftUI */,
				DFB556D8203878FE00736C59 /* Utilities */,
				DF8EF0082034DFFB0060B63A /* Model */,
				DF8EF0072034DFF60060B63A /* View */,
				DF8EF0062034DFE40060B63A /* Controller */,
				DF8EEFF02034D59B0060B63A /* AppDelegate.swift */,
				76E561AA238101CE0089F27E /* SceneDelegate.swift */,
				DF8EEFF42034D59B0060B63A /* Main.storyboard */,
				DF8EEFF72034D59B0060B63A /* Assets.xcassets */,
				DF41129C204BDBD80000A967 /* Theme.xcassets */,
				DF8EEFF92034D59B0060B63A /* LaunchScreen.storyboard */,
				DF8EEFFC2034D59B0060B63A /* Info.plist */,
			);
			path = "Crypto Headlines";
			sourceTree = "<group>";
		};
		DF8EF0062034DFE40060B63A /* Controller */ = {
			isa = PBXGroup;
			children = (
				DF8EEFF22034D59B0060B63A /* NewsViewController.swift */,
				DF8EF0022034DF7C0060B63A /* CryptoViewController.swift */,
				DF887B6F203E46EF00F40626 /* CryptoInfoViewController.swift */,
				DF8EF0042034DFD60060B63A /* DeveloperViewController.swift */,
				DFBA9CD7203A6FDD0033700E /* WebViewController.swift */,
			);
			path = Controller;
			sourceTree = "<group>";
		};
		DF8EF0072034DFF60060B63A /* View */ = {
			isa = PBXGroup;
			children = (
				DFB556D9203880F000736C59 /* TitleCollectionViewCell.swift */,
				DFB556DB2038810300736C59 /* NewsCollectionViewCell.swift */,
				DFB556E52039E83800736C59 /* CoinsCollectionViewCell.swift */,
			);
			path = View;
			sourceTree = "<group>";
		};
		DF8EF0082034DFFB0060B63A /* Model */ = {
			isa = PBXGroup;
			children = (
				DFB556D4203877A200736C59 /* TitleHeader.swift */,
			);
			path = Model;
			sourceTree = "<group>";
		};
		DFB556D8203878FE00736C59 /* Utilities */ = {
			isa = PBXGroup;
			children = (
				768A9DCF2381D7EA009AADC2 /* NetworkService.swift */,
				DFB556D6203878F300736C59 /* TitleSource.swift */,
				768A9DDF238360B4009AADC2 /* ImageLoader.swift */,
				DFB556DD2038BA0D00736C59 /* CustomImageView.swift */,
				DF0B90722062ABB20022C373 /* NotificationConstant.swift */,
				DF0B90742062B6A20022C373 /* CellIdentifierConstant.swift */,
				76E561AC238106C90089F27E /* UIColor+Theme.swift */,
			);
			path = Utilities;
			sourceTree = "<group>";
		};
/* End PBXGroup section */

/* Begin PBXNativeTarget section */
		DF8EEFEC2034D59B0060B63A /* Crypto Headlines */ = {
			isa = PBXNativeTarget;
			buildConfigurationList = DF8EEFFF2034D59B0060B63A /* Build configuration list for PBXNativeTarget "Crypto Headlines" */;
			buildPhases = (
				DF8EEFE92034D59B0060B63A /* Sources */,
				DF8EEFEA2034D59B0060B63A /* Frameworks */,
				DF8EEFEB2034D59B0060B63A /* Resources */,
			);
			buildRules = (
			);
			dependencies = (
			);
			name = "Crypto Headlines";
			productName = "Crypto Headlines";
			productReference = DF8EEFED2034D59B0060B63A /* Crypto Headlines.app */;
			productType = "com.apple.product-type.application";
		};
/* End PBXNativeTarget section */

/* Begin PBXProject section */
		DF8EEFE52034D59B0060B63A /* Project object */ = {
			isa = PBXProject;
			attributes = {
				LastSwiftUpdateCheck = 0920;
				LastUpgradeCheck = 1120;
				ORGANIZATIONNAME = "Joshua Geronimo";
				TargetAttributes = {
					DF8EEFEC2034D59B0060B63A = {
						CreatedOnToolsVersion = 9.2;
						LastSwiftMigration = 1120;
						ProvisioningStyle = Automatic;
					};
				};
			};
			buildConfigurationList = DF8EEFE82034D59B0060B63A /* Build configuration list for PBXProject "Crypto Headlines" */;
			compatibilityVersion = "Xcode 8.0";
			developmentRegion = en;
			hasScannedForEncodings = 0;
			knownRegions = (
				en,
				Base,
			);
			mainGroup = DF8EEFE42034D59B0060B63A;
			productRefGroup = DF8EEFEE2034D59B0060B63A /* Products */;
			projectDirPath = "";
			projectRoot = "";
			targets = (
				DF8EEFEC2034D59B0060B63A /* Crypto Headlines */,
			);
		};
/* End PBXProject section */

/* Begin PBXResourcesBuildPhase section */
		DF8EEFEB2034D59B0060B63A /* Resources */ = {
			isa = PBXResourcesBuildPhase;
			buildActionMask = 2147483647;
			files = (
				DF8EEFFB2034D59B0060B63A /* LaunchScreen.storyboard in Resources */,
				DF41129D204BDBD80000A967 /* Theme.xcassets in Resources */,
				DF8EEFF82034D59B0060B63A /* Assets.xcassets in Resources */,
				DF8EEFF62034D59B0060B63A /* Main.storyboard in Resources */,
			);
			runOnlyForDeploymentPostprocessing = 0;
		};
/* End PBXResourcesBuildPhase section */

/* Begin PBXSourcesBuildPhase section */
		DF8EEFE92034D59B0060B63A /* Sources */ = {
			isa = PBXSourcesBuildPhase;
			buildActionMask = 2147483647;
			files = (
				DFB556E42039DDB400736C59 /* CoinsConstant.swift in Sources */,
				DF8EEFF32034D59B0060B63A /* NewsViewController.swift in Sources */,
				DF0B90732062ABB20022C373 /* NotificationConstant.swift in Sources */,
				768A9DE623836662009AADC2 /* CryptoCardRow.swift in Sources */,
				DFB556D7203878F300736C59 /* TitleSource.swift in Sources */,
				DF0B90752062B6A20022C373 /* CellIdentifierConstant.swift in Sources */,
				768A9DCC23819F24009AADC2 /* TitleHeaderView.swift in Sources */,
				76E56189238100A20089F27E /* MainTabView.swift in Sources */,
				768A9DD62383534A009AADC2 /* ArticleView.swift in Sources */,
				DF8EF0052034DFD60060B63A /* DeveloperViewController.swift in Sources */,
				DFB556DA203880F000736C59 /* TitleCollectionViewCell.swift in Sources */,
				768A9DD22381EF2E009AADC2 /* NewsCardViewModel.swift in Sources */,
				768A9DD02381D7EA009AADC2 /* NetworkService.swift in Sources */,
				DFB556D5203877A200736C59 /* TitleHeader.swift in Sources */,
				768A9DCA2381983F009AADC2 /* NewsFeedView.swift in Sources */,
				76E561AF23810A9A0089F27E /* DeveloperView.swift in Sources */,
				DFB556DE2038BA0D00736C59 /* CustomImageView.swift in Sources */,
				DFB556E62039E83800736C59 /* CoinsCollectionViewCell.swift in Sources */,
				DFB556DC2038810300736C59 /* NewsCollectionViewCell.swift in Sources */,
				768A9DE8238375CC009AADC2 /* CryptoCardViewModel.swift in Sources */,
				76E561AD238106C90089F27E /* UIColor+Theme.swift in Sources */,
				DFB556E02039CFF300736C59 /* CoinMarketCap.swift in Sources */,
				768A9DD423835190009AADC2 /* WebView.swift in Sources */,
				DF8EEFF12034D59B0060B63A /* AppDelegate.swift in Sources */,
				76E561B1238111CC0089F27E /* CircleImage.swift in Sources */,
				768A9DE223836180009AADC2 /* NewsThumbNailImageView.swift in Sources */,
				DF72B22A2034F30C008823BB /* CryptoCoinsNews.swift in Sources */,
				76E561AB238101CE0089F27E /* SceneDelegate.swift in Sources */,
				768A9DE423836384009AADC2 /* CryptoView.swift in Sources */,
				DF8EF0032034DF7C0060B63A /* CryptoViewController.swift in Sources */,
				DF887B70203E46EF00F40626 /* CryptoInfoViewController.swift in Sources */,
				768A9DE0238360B4009AADC2 /* ImageLoader.swift in Sources */,
				768A9DCE2381D62B009AADC2 /* NewsCardRow.swift in Sources */,
				DFBA9CD8203A6FDD0033700E /* WebViewController.swift in Sources */,
				DF72B22D2035C048008823BB /* NewsConstant.swift in Sources */,
			);
			runOnlyForDeploymentPostprocessing = 0;
		};
/* End PBXSourcesBuildPhase section */

/* Begin PBXVariantGroup section */
		DF8EEFF42034D59B0060B63A /* Main.storyboard */ = {
			isa = PBXVariantGroup;
			children = (
				DF8EEFF52034D59B0060B63A /* Base */,
			);
			name = Main.storyboard;
			sourceTree = "<group>";
		};
		DF8EEFF92034D59B0060B63A /* LaunchScreen.storyboard */ = {
			isa = PBXVariantGroup;
			children = (
				DF8EEFFA2034D59B0060B63A /* Base */,
			);
			name = LaunchScreen.storyboard;
			sourceTree = "<group>";
		};
/* End PBXVariantGroup section */

/* Begin XCBuildConfiguration section */
		DF8EEFFD2034D59B0060B63A /* Debug */ = {
			isa = XCBuildConfiguration;
			buildSettings = {
				ALWAYS_SEARCH_USER_PATHS = NO;
				CLANG_ANALYZER_NONNULL = YES;
				CLANG_ANALYZER_NUMBER_OBJECT_CONVERSION = YES_AGGRESSIVE;
				CLANG_CXX_LANGUAGE_STANDARD = "gnu++14";
				CLANG_CXX_LIBRARY = "libc++";
				CLANG_ENABLE_MODULES = YES;
				CLANG_ENABLE_OBJC_ARC = YES;
				CLANG_WARN_BLOCK_CAPTURE_AUTORELEASING = YES;
				CLANG_WARN_BOOL_CONVERSION = YES;
				CLANG_WARN_COMMA = YES;
				CLANG_WARN_CONSTANT_CONVERSION = YES;
				CLANG_WARN_DEPRECATED_OBJC_IMPLEMENTATIONS = YES;
				CLANG_WARN_DIRECT_OBJC_ISA_USAGE = YES_ERROR;
				CLANG_WARN_DOCUMENTATION_COMMENTS = YES;
				CLANG_WARN_EMPTY_BODY = YES;
				CLANG_WARN_ENUM_CONVERSION = YES;
				CLANG_WARN_INFINITE_RECURSION = YES;
				CLANG_WARN_INT_CONVERSION = YES;
				CLANG_WARN_NON_LITERAL_NULL_CONVERSION = YES;
				CLANG_WARN_OBJC_IMPLICIT_RETAIN_SELF = YES;
				CLANG_WARN_OBJC_LITERAL_CONVERSION = YES;
				CLANG_WARN_OBJC_ROOT_CLASS = YES_ERROR;
				CLANG_WARN_RANGE_LOOP_ANALYSIS = YES;
				CLANG_WARN_STRICT_PROTOTYPES = YES;
				CLANG_WARN_SUSPICIOUS_MOVE = YES;
				CLANG_WARN_UNGUARDED_AVAILABILITY = YES_AGGRESSIVE;
				CLANG_WARN_UNREACHABLE_CODE = YES;
				CLANG_WARN__DUPLICATE_METHOD_MATCH = YES;
				CODE_SIGN_IDENTITY = "iPhone Developer";
				COPY_PHASE_STRIP = NO;
				DEBUG_INFORMATION_FORMAT = dwarf;
				ENABLE_STRICT_OBJC_MSGSEND = YES;
				ENABLE_TESTABILITY = YES;
				GCC_C_LANGUAGE_STANDARD = gnu11;
				GCC_DYNAMIC_NO_PIC = NO;
				GCC_NO_COMMON_BLOCKS = YES;
				GCC_OPTIMIZATION_LEVEL = 0;
				GCC_PREPROCESSOR_DEFINITIONS = (
					"DEBUG=1",
					"$(inherited)",
				);
				GCC_WARN_64_TO_32_BIT_CONVERSION = YES;
				GCC_WARN_ABOUT_RETURN_TYPE = YES_ERROR;
				GCC_WARN_UNDECLARED_SELECTOR = YES;
				GCC_WARN_UNINITIALIZED_AUTOS = YES_AGGRESSIVE;
				GCC_WARN_UNUSED_FUNCTION = YES;
				GCC_WARN_UNUSED_VARIABLE = YES;
				IPHONEOS_DEPLOYMENT_TARGET = 13.0;
				MTL_ENABLE_DEBUG_INFO = YES;
				ONLY_ACTIVE_ARCH = YES;
				SDKROOT = iphoneos;
				SWIFT_ACTIVE_COMPILATION_CONDITIONS = DEBUG;
				SWIFT_OPTIMIZATION_LEVEL = "-Onone";
			};
			name = Debug;
		};
		DF8EEFFE2034D59B0060B63A /* Release */ = {
			isa = XCBuildConfiguration;
			buildSettings = {
				ALWAYS_SEARCH_USER_PATHS = NO;
				CLANG_ANALYZER_NONNULL = YES;
				CLANG_ANALYZER_NUMBER_OBJECT_CONVERSION = YES_AGGRESSIVE;
				CLANG_CXX_LANGUAGE_STANDARD = "gnu++14";
				CLANG_CXX_LIBRARY = "libc++";
				CLANG_ENABLE_MODULES = YES;
				CLANG_ENABLE_OBJC_ARC = YES;
				CLANG_WARN_BLOCK_CAPTURE_AUTORELEASING = YES;
				CLANG_WARN_BOOL_CONVERSION = YES;
				CLANG_WARN_COMMA = YES;
				CLANG_WARN_CONSTANT_CONVERSION = YES;
				CLANG_WARN_DEPRECATED_OBJC_IMPLEMENTATIONS = YES;
				CLANG_WARN_DIRECT_OBJC_ISA_USAGE = YES_ERROR;
				CLANG_WARN_DOCUMENTATION_COMMENTS = YES;
				CLANG_WARN_EMPTY_BODY = YES;
				CLANG_WARN_ENUM_CONVERSION = YES;
				CLANG_WARN_INFINITE_RECURSION = YES;
				CLANG_WARN_INT_CONVERSION = YES;
				CLANG_WARN_NON_LITERAL_NULL_CONVERSION = YES;
				CLANG_WARN_OBJC_IMPLICIT_RETAIN_SELF = YES;
				CLANG_WARN_OBJC_LITERAL_CONVERSION = YES;
				CLANG_WARN_OBJC_ROOT_CLASS = YES_ERROR;
				CLANG_WARN_RANGE_LOOP_ANALYSIS = YES;
				CLANG_WARN_STRICT_PROTOTYPES = YES;
				CLANG_WARN_SUSPICIOUS_MOVE = YES;
				CLANG_WARN_UNGUARDED_AVAILABILITY = YES_AGGRESSIVE;
				CLANG_WARN_UNREACHABLE_CODE = YES;
				CLANG_WARN__DUPLICATE_METHOD_MATCH = YES;
				CODE_SIGN_IDENTITY = "iPhone Developer";
				COPY_PHASE_STRIP = NO;
				DEBUG_INFORMATION_FORMAT = "dwarf-with-dsym";
				ENABLE_NS_ASSERTIONS = NO;
				ENABLE_STRICT_OBJC_MSGSEND = YES;
				GCC_C_LANGUAGE_STANDARD = gnu11;
				GCC_NO_COMMON_BLOCKS = YES;
				GCC_WARN_64_TO_32_BIT_CONVERSION = YES;
				GCC_WARN_ABOUT_RETURN_TYPE = YES_ERROR;
				GCC_WARN_UNDECLARED_SELECTOR = YES;
				GCC_WARN_UNINITIALIZED_AUTOS = YES_AGGRESSIVE;
				GCC_WARN_UNUSED_FUNCTION = YES;
				GCC_WARN_UNUSED_VARIABLE = YES;
				IPHONEOS_DEPLOYMENT_TARGET = 13.0;
				MTL_ENABLE_DEBUG_INFO = NO;
				SDKROOT = iphoneos;
				SWIFT_OPTIMIZATION_LEVEL = "-Owholemodule";
				VALIDATE_PRODUCT = YES;
			};
			name = Release;
		};
		DF8EF0002034D59B0060B63A /* Debug */ = {
			isa = XCBuildConfiguration;
			buildSettings = {
				ASSETCATALOG_COMPILER_APPICON_NAME = AppIcon;
				"CODE_SIGN_IDENTITY[sdk=iphoneos*]" = "iPhone Developer";
				CODE_SIGN_STYLE = Automatic;
				DEVELOPMENT_TEAM = 436Y3QLM8L;
				FRAMEWORK_SEARCH_PATHS = (
					"$(inherited)",
					"$(PROJECT_DIR)",
				);
				INFOPLIST_FILE = "Crypto Headlines/Info.plist";
				IPHONEOS_DEPLOYMENT_TARGET = 13.0;
				LD_RUNPATH_SEARCH_PATHS = "$(inherited) @executable_path/Frameworks";
				PRODUCT_BUNDLE_IDENTIFIER = "com.geronimoapp.Crypto-Headlines";
				PRODUCT_NAME = "$(TARGET_NAME)";
				PROVISIONING_PROFILE = "";
				PROVISIONING_PROFILE_SPECIFIER = "";
				SWIFT_VERSION = 5.0;
				TARGETED_DEVICE_FAMILY = 1;
			};
			name = Debug;
		};
		DF8EF0012034D59B0060B63A /* Release */ = {
			isa = XCBuildConfiguration;
			buildSettings = {
				ASSETCATALOG_COMPILER_APPICON_NAME = AppIcon;
				"CODE_SIGN_IDENTITY[sdk=iphoneos*]" = "iPhone Developer";
				CODE_SIGN_STYLE = Automatic;
				DEVELOPMENT_TEAM = 436Y3QLM8L;
				FRAMEWORK_SEARCH_PATHS = (
					"$(inherited)",
					"$(PROJECT_DIR)",
				);
				INFOPLIST_FILE = "Crypto Headlines/Info.plist";
				IPHONEOS_DEPLOYMENT_TARGET = 13.0;
				LD_RUNPATH_SEARCH_PATHS = "$(inherited) @executable_path/Frameworks";
				PRODUCT_BUNDLE_IDENTIFIER = "com.geronimoapp.Crypto-Headlines";
				PRODUCT_NAME = "$(TARGET_NAME)";
				PROVISIONING_PROFILE = "";
				PROVISIONING_PROFILE_SPECIFIER = "";
				SWIFT_VERSION = 5.0;
				TARGETED_DEVICE_FAMILY = 1;
			};
			name = Release;
		};
/* End XCBuildConfiguration section */

/* Begin XCConfigurationList section */
		DF8EEFE82034D59B0060B63A /* Build configuration list for PBXProject "Crypto Headlines" */ = {
			isa = XCConfigurationList;
			buildConfigurations = (
				DF8EEFFD2034D59B0060B63A /* Debug */,
				DF8EEFFE2034D59B0060B63A /* Release */,
			);
			defaultConfigurationIsVisible = 0;
			defaultConfigurationName = Release;
		};
		DF8EEFFF2034D59B0060B63A /* Build configuration list for PBXNativeTarget "Crypto Headlines" */ = {
			isa = XCConfigurationList;
			buildConfigurations = (
				DF8EF0002034D59B0060B63A /* Debug */,
				DF8EF0012034D59B0060B63A /* Release */,
			);
			defaultConfigurationIsVisible = 0;
			defaultConfigurationName = Release;
		};
/* End XCConfigurationList section */
	};
	rootObject = DF8EEFE52034D59B0060B63A /* Project object */;
}
